
Microsoft Visual Studio Solution File, Format Version 12.00
# Visual Studio Version 16
VisualStudioVersion = 16.0.29424.173
MinimumVisualStudioVersion = 10.0.40219.1
Project("{9A19103F-16F7-4668-BE54-9A1E7A4F7556}") = "WebApiContrib.Formatting.Xlsx", "src\WebApiContrib.Formatting.Xlsx\WebApiContrib.Formatting.Xlsx.csproj", "{B6A319B2-82A4-41BA-A895-4FC02A0D53EF}"
EndProject
Project("{9A19103F-16F7-4668-BE54-9A1E7A4F7556}") = "WebApiContrib.Formatting.Xlsx.Tests", "test\WebApiContrib.Formatting.Xlsx.Tests\WebApiContrib.Formatting.Xlsx.Tests.csproj", "{91831A5B-8286-466A-8CC5-07A630493D9B}"
EndProject
Project("{2150E333-8FDC-42A3-9474-1A3956D46DE8}") = "Solution Items", "Solution Items", "{11B0118B-54A0-4542-BF89-E1B1A4A5B209}"
	ProjectSection(SolutionItems) = preProject
		README.md = README.md
	EndProjectSection
EndProject
Project("{FAE04EC0-301F-11D3-BF4B-00C04F79EFBC}") = "WebApiContrib.Formatting.Xlsx.Sample", "samples\WebApiContrib.Formatting.Xlsx.Sample\WebApiContrib.Formatting.Xlsx.Sample.csproj", "{03A10509-AF42-4AEA-A3AA-D0DD4368B905}"
EndProject
Project("{9A19103F-16F7-4668-BE54-9A1E7A4F7556}") = "WebApiContrib.Formatting.Xlsx.AspNetCore", "src\WebApiContrib.Formatting.Xlsx.AspNetCore\WebApiContrib.Formatting.Xlsx.AspNetCore.csproj", "{8D6AE42A-8BC7-41B6-ADDE-AC5B8022A5F0}"
EndProject
Project("{9A19103F-16F7-4668-BE54-9A1E7A4F7556}") = "WebApiContrib.Formatting.Xlsx.AspNetCore.Tests", "test\WebApiContrib.Formatting.Xlsx.AspNetCore.Tests\WebApiContrib.Formatting.Xlsx.AspNetCore.Tests.csproj", "{9B69B13B-1332-4E86-9864-95E3F99ED3E3}"
EndProject
Project("{9A19103F-16F7-4668-BE54-9A1E7A4F7556}") = "WebApiContrib.Formatting.Xlsx.AspNetCore.Sample", "samples\WebApiContrib.Formatting.Xlsx.AspNetCore.Sample\WebApiContrib.Formatting.Xlsx.AspNetCore.Sample.csproj", "{43D7E1DA-55F3-41D1-A886-32C47BABCF71}"
EndProject
Project("{2150E333-8FDC-42A3-9474-1A3956D46DE8}") = "Samples", "Samples", "{08C91363-F8B5-42B6-B575-AB3C02603455}"
EndProject
Global
	GlobalSection(SolutionConfigurationPlatforms) = preSolution
		Debug|Any CPU = Debug|Any CPU
		Release|Any CPU = Release|Any CPU
	EndGlobalSection
	GlobalSection(ProjectConfigurationPlatforms) = postSolution
		{B6A319B2-82A4-41BA-A895-4FC02A0D53EF}.Debug|Any CPU.ActiveCfg = Debug|Any CPU
		{B6A319B2-82A4-41BA-A895-4FC02A0D53EF}.Debug|Any CPU.Build.0 = Debug|Any CPU
		{B6A319B2-82A4-41BA-A895-4FC02A0D53EF}.Release|Any CPU.ActiveCfg = Release|Any CPU
		{B6A319B2-82A4-41BA-A895-4FC02A0D53EF}.Release|Any CPU.Build.0 = Release|Any CPU
		{91831A5B-8286-466A-8CC5-07A630493D9B}.Debug|Any CPU.ActiveCfg = Debug|Any CPU
		{91831A5B-8286-466A-8CC5-07A630493D9B}.Debug|Any CPU.Build.0 = Debug|Any CPU
		{91831A5B-8286-466A-8CC5-07A630493D9B}.Release|Any CPU.ActiveCfg = Release|Any CPU
		{91831A5B-8286-466A-8CC5-07A630493D9B}.Release|Any CPU.Build.0 = Release|Any CPU
		{03A10509-AF42-4AEA-A3AA-D0DD4368B905}.Debug|Any CPU.ActiveCfg = Debug|Any CPU
		{03A10509-AF42-4AEA-A3AA-D0DD4368B905}.Debug|Any CPU.Build.0 = Debug|Any CPU
		{03A10509-AF42-4AEA-A3AA-D0DD4368B905}.Release|Any CPU.ActiveCfg = Release|Any CPU
		{03A10509-AF42-4AEA-A3AA-D0DD4368B905}.Release|Any CPU.Build.0 = Release|Any CPU
		{8D6AE42A-8BC7-41B6-ADDE-AC5B8022A5F0}.Debug|Any CPU.ActiveCfg = Debug|Any CPU
		{8D6AE42A-8BC7-41B6-ADDE-AC5B8022A5F0}.Debug|Any CPU.Build.0 = Debug|Any CPU
		{8D6AE42A-8BC7-41B6-ADDE-AC5B8022A5F0}.Release|Any CPU.ActiveCfg = Release|Any CPU
		{8D6AE42A-8BC7-41B6-ADDE-AC5B8022A5F0}.Release|Any CPU.Build.0 = Release|Any CPU
		{9B69B13B-1332-4E86-9864-95E3F99ED3E3}.Debug|Any CPU.ActiveCfg = Debug|Any CPU
		{9B69B13B-1332-4E86-9864-95E3F99ED3E3}.Debug|Any CPU.Build.0 = Debug|Any CPU
		{9B69B13B-1332-4E86-9864-95E3F99ED3E3}.Release|Any CPU.ActiveCfg = Release|Any CPU
		{9B69B13B-1332-4E86-9864-95E3F99ED3E3}.Release|Any CPU.Build.0 = Release|Any CPU
		{43D7E1DA-55F3-41D1-A886-32C47BABCF71}.Debug|Any CPU.ActiveCfg = Debug|Any CPU
		{43D7E1DA-55F3-41D1-A886-32C47BABCF71}.Debug|Any CPU.Build.0 = Debug|Any CPU
		{43D7E1DA-55F3-41D1-A886-32C47BABCF71}.Release|Any CPU.ActiveCfg = Release|Any CPU
		{43D7E1DA-55F3-41D1-A886-32C47BABCF71}.Release|Any CPU.Build.0 = Release|Any CPU
	EndGlobalSection
	GlobalSection(SolutionProperties) = preSolution
		HideSolutionNode = FALSE
	EndGlobalSection
	GlobalSection(NestedProjects) = preSolution
		{03A10509-AF42-4AEA-A3AA-D0DD4368B905} = {08C91363-F8B5-42B6-B575-AB3C02603455}
		{43D7E1DA-55F3-41D1-A886-32C47BABCF71} = {08C91363-F8B5-42B6-B575-AB3C02603455}
	EndGlobalSection
	GlobalSection(ExtensibilityGlobals) = postSolution
		SolutionGuid = {C893C345-67B2-4E3C-BE62-D248F39D9C84}
	EndGlobalSection
EndGlobal
